
Microsoft Visual Studio Solution File, Format Version 12.00
# Visual Studio 15
Project("{FAE04EC0-301F-11D3-BF4B-00C04F79EFBC}") = "BlockadeLabsSDK.Editor", "BlockadeLabsSDK.Editor.csproj", "{C79F6522-C21C-199F-C136-6F359EEA0B60}"
EndProject
Project("{FAE04EC0-301F-11D3-BF4B-00C04F79EFBC}") = "Assembly-CSharp", "Assembly-CSharp.csproj", "{AC5E3105-244D-25ED-8E0D-4376601775F7}"
EndProject
Project("{FAE04EC0-301F-11D3-BF4B-00C04F79EFBC}") = "BlockadeLabsSDK.Runtime", "BlockadeLabsSDK.Runtime.csproj", "{855D2824-9F2F-316A-C158-63BDDA86A609}"
EndProject
Global
	GlobalSection(SolutionConfigurationPlatforms) = preSolution
		Debug|Any CPU = Debug|Any CPU
		Release|Any CPU = Release|Any CPU
	EndGlobalSection
	GlobalSection(ProjectConfigurationPlatforms) = postSolution
		{C79F6522-C21C-199F-C136-6F359EEA0B60}.Debug|Any CPU.ActiveCfg = Debug|Any CPU
		{C79F6522-C21C-199F-C136-6F359EEA0B60}.Debug|Any CPU.Build.0 = Debug|Any CPU
		{C79F6522-C21C-199F-C136-6F359EEA0B60}.Release|Any CPU.ActiveCfg = Release|Any CPU
		{C79F6522-C21C-199F-C136-6F359EEA0B60}.Release|Any CPU.Build.0 = Release|Any CPU
		{AC5E3105-244D-25ED-8E0D-4376601775F7}.Debug|Any CPU.ActiveCfg = Debug|Any CPU
		{AC5E3105-244D-25ED-8E0D-4376601775F7}.Debug|Any CPU.Build.0 = Debug|Any CPU
		{AC5E3105-244D-25ED-8E0D-4376601775F7}.Release|Any CPU.ActiveCfg = Release|Any CPU
		{AC5E3105-244D-25ED-8E0D-4376601775F7}.Release|Any CPU.Build.0 = Release|Any CPU
		{855D2824-9F2F-316A-C158-63BDDA86A609}.Debug|Any CPU.ActiveCfg = Debug|Any CPU
		{855D2824-9F2F-316A-C158-63BDDA86A609}.Debug|Any CPU.Build.0 = Debug|Any CPU
		{855D2824-9F2F-316A-C158-63BDDA86A609}.Release|Any CPU.ActiveCfg = Release|Any CPU
		{855D2824-9F2F-316A-C158-63BDDA86A609}.Release|Any CPU.Build.0 = Release|Any CPU
	EndGlobalSection
	GlobalSection(SolutionProperties) = preSolution
		HideSolutionNode = FALSE
	EndGlobalSection
EndGlobal
